
Microsoft Visual Studio Solution File, Format Version 12.00
# Visual Studio 15
VisualStudioVersion = 15.0.28307.572
MinimumVisualStudioVersion = 10.0.40219.1
Project("{FAE04EC0-301F-11D3-BF4B-00C04F79EFBC}") = "AnimalFarm", "AnimalFarm\AnimalFarm.csproj", "{3536F73D-2925-49A8-9749-BAF2391CF8CA}"
EndProject
Global
	GlobalSection(SolutionConfigurationPlatforms) = preSolution
		Debug|Any CPU = Debug|Any CPU
		Release|Any CPU = Release|Any CPU
	EndGlobalSection
	GlobalSection(ProjectConfigurationPlatforms) = postSolution
		{3536F73D-2925-49A8-9749-BAF2391CF8CA}.Debug|Any CPU.ActiveCfg = Debug|Any CPU
		{3536F73D-2925-49A8-9749-BAF2391CF8CA}.Debug|Any CPU.Build.0 = Debug|Any CPU
		{3536F73D-2925-49A8-9749-BAF2391CF8CA}.Release|Any CPU.ActiveCfg = Release|Any CPU
		{3536F73D-2925-49A8-9749-BAF2391CF8CA}.Release|Any CPU.Build.0 = Release|Any CPU
	EndGlobalSection
	GlobalSection(SolutionProperties) = preSolution
		HideSolutionNode = FALSE
	EndGlobalSection
	GlobalSection(ExtensibilityGlobals) = postSolution
		SolutionGuid = {2EF00593-E6CC-411A-9B03-6BD4C5826E4F}
	EndGlobalSection
EndGlobal
